
Microsoft Visual Studio Solution File, Format Version 12.00
# Visual Studio Version 16
VisualStudioVersion = 16.0.29613.14
MinimumVisualStudioVersion = 10.0.40219.1
Project("{FAE04EC0-301F-11D3-BF4B-00C04F79EFBC}") = "Notes.Android", "Notes.Android\Notes.Android.csproj", "{96475452-4713-4B0F-8FF4-3021EAA58D45}"
EndProject
Project("{FAE04EC0-301F-11D3-BF4B-00C04F79EFBC}") = "Notes.iOS", "Notes.iOS\Notes.iOS.csproj", "{C194E883-CE38-47E9-9917-456CB66FD696}"
EndProject
Project("{FAE04EC0-301F-11D3-BF4B-00C04F79EFBC}") = "Notes", "Notes\Notes.csproj", "{F392CE45-A80D-4AAA-BA7F-6366B3B751F2}"
EndProject
Global
	GlobalSection(SolutionConfigurationPlatforms) = preSolution
		Debug|Any CPU = Debug|Any CPU
		Debug|iPhone = Debug|iPhone
		Debug|iPhoneSimulator = Debug|iPhoneSimulator
		Release|Any CPU = Release|Any CPU
		Release|iPhone = Release|iPhone
		Release|iPhoneSimulator = Release|iPhoneSimulator
	EndGlobalSection
	GlobalSection(ProjectConfigurationPlatforms) = postSolution
		{96475452-4713-4B0F-8FF4-3021EAA58D45}.Debug|Any CPU.ActiveCfg = Debug|Any CPU
		{96475452-4713-4B0F-8FF4-3021EAA58D45}.Debug|Any CPU.Build.0 = Debug|Any CPU
		{96475452-4713-4B0F-8FF4-3021EAA58D45}.Debug|Any CPU.Deploy.0 = Debug|Any CPU
		{96475452-4713-4B0F-8FF4-3021EAA58D45}.Debug|iPhone.ActiveCfg = Debug|Any CPU
		{96475452-4713-4B0F-8FF4-3021EAA58D45}.Debug|iPhone.Build.0 = Debug|Any CPU
		{96475452-4713-4B0F-8FF4-3021EAA58D45}.Debug|iPhone.Deploy.0 = Debug|Any CPU
		{96475452-4713-4B0F-8FF4-3021EAA58D45}.Debug|iPhoneSimulator.ActiveCfg = Debug|Any CPU
		{96475452-4713-4B0F-8FF4-3021EAA58D45}.Debug|iPhoneSimulator.Build.0 = Debug|Any CPU
		{96475452-4713-4B0F-8FF4-3021EAA58D45}.Debug|iPhoneSimulator.Deploy.0 = Debug|Any CPU
		{96475452-4713-4B0F-8FF4-3021EAA58D45}.Release|Any CPU.ActiveCfg = Release|Any CPU
		{96475452-4713-4B0F-8FF4-3021EAA58D45}.Release|Any CPU.Build.0 = Release|Any CPU
		{96475452-4713-4B0F-8FF4-3021EAA58D45}.Release|Any CPU.Deploy.0 = Release|Any CPU
		{96475452-4713-4B0F-8FF4-3021EAA58D45}.Release|iPhone.ActiveCfg = Release|Any CPU
		{96475452-4713-4B0F-8FF4-3021EAA58D45}.Release|iPhone.Build.0 = Release|Any CPU
		{96475452-4713-4B0F-8FF4-3021EAA58D45}.Release|iPhone.Deploy.0 = Release|Any CPU
		{96475452-4713-4B0F-8FF4-3021EAA58D45}.Release|iPhoneSimulator.ActiveCfg = Release|Any CPU
		{96475452-4713-4B0F-8FF4-3021EAA58D45}.Release|iPhoneSimulator.Build.0 = Release|Any CPU
		{96475452-4713-4B0F-8FF4-3021EAA58D45}.Release|iPhoneSimulator.Deploy.0 = Release|Any CPU
		{C194E883-CE38-47E9-9917-456CB66FD696}.Debug|Any CPU.ActiveCfg = Debug|iPhoneSimulator
		{C194E883-CE38-47E9-9917-456CB66FD696}.Debug|Any CPU.Build.0 = Debug|iPhoneSimulator
		{C194E883-CE38-47E9-9917-456CB66FD696}.Debug|Any CPU.Deploy.0 = Debug|iPhoneSimulator
		{C194E883-CE38-47E9-9917-456CB66FD696}.Debug|iPhone.ActiveCfg = Debug|iPhone
		{C194E883-CE38-47E9-9917-456CB66FD696}.Debug|iPhone.Build.0 = Debug|iPhone
		{C194E883-CE38-47E9-9917-456CB66FD696}.Debug|iPhone.Deploy.0 = Debug|iPhone
		{C194E883-CE38-47E9-9917-456CB66FD696}.Debug|iPhoneSimulator.ActiveCfg = Debug|iPhoneSimulator
		{C194E883-CE38-47E9-9917-456CB66FD696}.Debug|iPhoneSimulator.Build.0 = Debug|iPhoneSimulator
		{C194E883-CE38-47E9-9917-456CB66FD696}.Debug|iPhoneSimulator.Deploy.0 = Debug|iPhoneSimulator
		{C194E883-CE38-47E9-9917-456CB66FD696}.Release|Any CPU.ActiveCfg = Release|iPhone
		{C194E883-CE38-47E9-9917-456CB66FD696}.Release|Any CPU.Build.0 = Release|iPhone
		{C194E883-CE38-47E9-9917-456CB66FD696}.Release|Any CPU.Deploy.0 = Release|iPhone
		{C194E883-CE38-47E9-9917-456CB66FD696}.Release|iPhone.ActiveCfg = Release|iPhone
		{C194E883-CE38-47E9-9917-456CB66FD696}.Release|iPhone.Build.0 = Release|iPhone
		{C194E883-CE38-47E9-9917-456CB66FD696}.Release|iPhone.Deploy.0 = Release|iPhone
		{C194E883-CE38-47E9-9917-456CB66FD696}.Release|iPhoneSimulator.ActiveCfg = Release|iPhoneSimulator
		{C194E883-CE38-47E9-9917-456CB66FD696}.Release|iPhoneSimulator.Build.0 = Release|iPhoneSimulator
		{C194E883-CE38-47E9-9917-456CB66FD696}.Release|iPhoneSimulator.Deploy.0 = Release|iPhoneSimulator
		{F392CE45-A80D-4AAA-BA7F-6366B3B751F2}.Debug|Any CPU.ActiveCfg = Debug|Any CPU
		{F392CE45-A80D-4AAA-BA7F-6366B3B751F2}.Debug|Any CPU.Build.0 = Debug|Any CPU
		{F392CE45-A80D-4AAA-BA7F-6366B3B751F2}.Debug|Any CPU.Deploy.0 = Debug|Any CPU
		{F392CE45-A80D-4AAA-BA7F-6366B3B751F2}.Debug|iPhone.ActiveCfg = Debug|Any CPU
		{F392CE45-A80D-4AAA-BA7F-6366B3B751F2}.Debug|iPhone.Build.0 = Debug|Any CPU
		{F392CE45-A80D-4AAA-BA7F-6366B3B751F2}.Debug|iPhone.Deploy.0 = Debug|Any CPU
		{F392CE45-A80D-4AAA-BA7F-6366B3B751F2}.Debug|iPhoneSimulator.ActiveCfg = Debug|Any CPU
		{F392CE45-A80D-4AAA-BA7F-6366B3B751F2}.Debug|iPhoneSimulator.Build.0 = Debug|Any CPU
		{F392CE45-A80D-4AAA-BA7F-6366B3B751F2}.Debug|iPhoneSimulator.Deploy.0 = Debug|Any CPU
		{F392CE45-A80D-4AAA-BA7F-6366B3B751F2}.Release|Any CPU.ActiveCfg = Release|Any CPU
		{F392CE45-A80D-4AAA-BA7F-6366B3B751F2}.Release|Any CPU.Build.0 = Release|Any CPU
		{F392CE45-A80D-4AAA-BA7F-6366B3B751F2}.Release|Any CPU.Deploy.0 = Release|Any CPU
		{F392CE45-A80D-4AAA-BA7F-6366B3B751F2}.Release|iPhone.ActiveCfg = Release|Any CPU
		{F392CE45-A80D-4AAA-BA7F-6366B3B751F2}.Release|iPhone.Build.0 = Release|Any CPU
		{F392CE45-A80D-4AAA-BA7F-6366B3B751F2}.Release|iPhone.Deploy.0 = Release|Any CPU
		{F392CE45-A80D-4AAA-BA7F-6366B3B751F2}.Release|iPhoneSimulator.ActiveCfg = Release|Any CPU
		{F392CE45-A80D-4AAA-BA7F-6366B3B751F2}.Release|iPhoneSimulator.Build.0 = Release|Any CPU
		{F392CE45-A80D-4AAA-BA7F-6366B3B751F2}.Release|iPhoneSimulator.Deploy.0 = Release|Any CPU
	EndGlobalSection
	GlobalSection(SolutionProperties) = preSolution
		HideSolutionNode = FALSE
	EndGlobalSection
	GlobalSection(ExtensibilityGlobals) = postSolution
		SolutionGuid = {1C99DD4D-EB95-48A4-8620-7281B4FE4F36}
	EndGlobalSection
EndGlobal
